{
  "name": "Probando",
  "lockfileVersion": 3,
  "requires": true,
  "packages": {
    "": {
      "dependencies": {
        "videojs-ass": "^0.8.0"
      }
    },
    "node_modules/libjass": {
      "version": "0.11.0",
      "resolved": "https://registry.npmjs.org/libjass/-/libjass-0.11.0.tgz",
      "integrity": "sha512-RAxIlq0CZ78RIY2KYKyDrnRnQQN5YRyqnP5rPl9injlTJ9F06wlfd9qiTzb2gk9GXMVj/noh2UVcAdSmEu0ccw==",
      "license": "Apache-2.0"
    },
    "node_modules/videojs-ass": {
      "version": "0.8.0",
      "resolved": "https://registry.npmjs.org/videojs-ass/-/videojs-ass-0.8.0.tgz",
      "integrity": "sha512-/OgqYqmARArBLmTvzKoLRiNIofCwMk5K5uON+FPnDyY7CnFDBqX1TAiu3WIWSPvN42EpMtCsva5u/9TnTVntzQ==",
      "license": "Apache-2.0",
      "dependencies": {
        "libjass": "0.11.0"
      }
    }
  }
}
